
Microsoft Visual Studio Solution File, Format Version 12.00
# Visual Studio Version 17
VisualStudioVersion = 17.1.32421.90
MinimumVisualStudioVersion = 10.0.40219.1
Project("{FAE04EC0-301F-11D3-BF4B-00C04F79EFBC}") = "area-triangulo", "area-triangulo\area-triangulo.csproj", "{67C76B9F-CB7B-44FF-98D7-78D7198EC934}"
EndProject
Global
	GlobalSection(SolutionConfigurationPlatforms) = preSolution
		Debug|Any CPU = Debug|Any CPU
		Release|Any CPU = Release|Any CPU
	EndGlobalSection
	GlobalSection(ProjectConfigurationPlatforms) = postSolution
		{67C76B9F-CB7B-44FF-98D7-78D7198EC934}.Debug|Any CPU.ActiveCfg = Debug|Any CPU
		{67C76B9F-CB7B-44FF-98D7-78D7198EC934}.Debug|Any CPU.Build.0 = Debug|Any CPU
		{67C76B9F-CB7B-44FF-98D7-78D7198EC934}.Release|Any CPU.ActiveCfg = Release|Any CPU
		{67C76B9F-CB7B-44FF-98D7-78D7198EC934}.Release|Any CPU.Build.0 = Release|Any CPU
	EndGlobalSection
	GlobalSection(SolutionProperties) = preSolution
		HideSolutionNode = FALSE
	EndGlobalSection
	GlobalSection(ExtensibilityGlobals) = postSolution
		SolutionGuid = {64701F43-56B3-48B1-A0E6-0430ED2D3FFE}
	EndGlobalSection
EndGlobal
