
Microsoft Visual Studio Solution File, Format Version 12.00
# Visual Studio Version 17
VisualStudioVersion = 17.1.32421.90
MinimumVisualStudioVersion = 10.0.40219.1
Project("{FAE04EC0-301F-11D3-BF4B-00C04F79EFBC}") = "funcionario", "funcionario\funcionario.csproj", "{63432F12-4B91-46C6-B4A8-E9477C601620}"
EndProject
Global
	GlobalSection(SolutionConfigurationPlatforms) = preSolution
		Debug|Any CPU = Debug|Any CPU
		Release|Any CPU = Release|Any CPU
	EndGlobalSection
	GlobalSection(ProjectConfigurationPlatforms) = postSolution
		{63432F12-4B91-46C6-B4A8-E9477C601620}.Debug|Any CPU.ActiveCfg = Debug|Any CPU
		{63432F12-4B91-46C6-B4A8-E9477C601620}.Debug|Any CPU.Build.0 = Debug|Any CPU
		{63432F12-4B91-46C6-B4A8-E9477C601620}.Release|Any CPU.ActiveCfg = Release|Any CPU
		{63432F12-4B91-46C6-B4A8-E9477C601620}.Release|Any CPU.Build.0 = Release|Any CPU
	EndGlobalSection
	GlobalSection(SolutionProperties) = preSolution
		HideSolutionNode = FALSE
	EndGlobalSection
	GlobalSection(ExtensibilityGlobals) = postSolution
		SolutionGuid = {C47C8714-3D0B-461E-B79B-279AA76D5C50}
	EndGlobalSection
EndGlobal
